Microsoft Visual Studio Solution File, Format Version 12.00
# Visual Studio Version 17
VisualStudioVersion = 17.5.2.0
MinimumVisualStudioVersion = 10.0.40219.1
Project("{FAE04EC0-301F-11D3-BF4B-00C04F79EFBC}") = "HelloWorldExplicit", "HelloWorldExplicit.csproj", "{3F5AA174-9E38-0CAF-5580-D3B282313E89}"
EndProject
Global
	GlobalSection(SolutionConfigurationPlatforms) = preSolution
		Debug|Any CPU = Debug|Any CPU
		Release|Any CPU = Release|Any CPU
	EndGlobalSection
	GlobalSection(ProjectConfigurationPlatforms) = postSolution
		{3F5AA174-9E38-0CAF-5580-D3B282313E89}.Debug|Any CPU.ActiveCfg = Debug|Any CPU
		{3F5AA174-9E38-0CAF-5580-D3B282313E89}.Debug|Any CPU.Build.0 = Debug|Any CPU
		{3F5AA174-9E38-0CAF-5580-D3B282313E89}.Release|Any CPU.ActiveCfg = Release|Any CPU
		{3F5AA174-9E38-0CAF-5580-D3B282313E89}.Release|Any CPU.Build.0 = Release|Any CPU
	EndGlobalSection
	GlobalSection(SolutionProperties) = preSolution
		HideSolutionNode = FALSE
	EndGlobalSection
	GlobalSection(ExtensibilityGlobals) = postSolution
		SolutionGuid = {A2B2B5C5-6112-47E8-911B-DE0707F429F4}
	EndGlobalSection
EndGlobal
