Microsoft Visual Studio Solution File, Format Version 12.00
# Visual Studio Version 17
VisualStudioVersion = 17.5.2.0
MinimumVisualStudioVersion = 10.0.40219.1
Project("{FAE04EC0-301F-11D3-BF4B-00C04F79EFBC}") = "CsharpConcepts", "CsharpConcepts\CsharpConcepts.csproj", "{523138BC-8C71-0E2A-30AF-24E0C7D000C3}"
EndProject
Project("{FAE04EC0-301F-11D3-BF4B-00C04F79EFBC}") = "ClassLibraries.Lib", "ClassLibraries.Lib\ClassLibraries.Lib.csproj", "{40E485E8-8410-875F-DFEB-C379631A58C6}"
EndProject
Global
	GlobalSection(SolutionConfigurationPlatforms) = preSolution
		Debug|Any CPU = Debug|Any CPU
		Release|Any CPU = Release|Any CPU
	EndGlobalSection
	GlobalSection(ProjectConfigurationPlatforms) = postSolution
		{523138BC-8C71-0E2A-30AF-24E0C7D000C3}.Debug|Any CPU.ActiveCfg = Debug|Any CPU
		{523138BC-8C71-0E2A-30AF-24E0C7D000C3}.Debug|Any CPU.Build.0 = Debug|Any CPU
		{523138BC-8C71-0E2A-30AF-24E0C7D000C3}.Release|Any CPU.ActiveCfg = Release|Any CPU
		{523138BC-8C71-0E2A-30AF-24E0C7D000C3}.Release|Any CPU.Build.0 = Release|Any CPU
		{40E485E8-8410-875F-DFEB-C379631A58C6}.Debug|Any CPU.ActiveCfg = Debug|Any CPU
		{40E485E8-8410-875F-DFEB-C379631A58C6}.Debug|Any CPU.Build.0 = Debug|Any CPU
		{40E485E8-8410-875F-DFEB-C379631A58C6}.Release|Any CPU.ActiveCfg = Release|Any CPU
		{40E485E8-8410-875F-DFEB-C379631A58C6}.Release|Any CPU.Build.0 = Release|Any CPU
	EndGlobalSection
	GlobalSection(SolutionProperties) = preSolution
		HideSolutionNode = FALSE
	EndGlobalSection
	GlobalSection(ExtensibilityGlobals) = postSolution
		SolutionGuid = {139C9DC8-CCBF-4E38-9057-496988077910}
	EndGlobalSection
EndGlobal
