Microsoft Visual Studio Solution File, Format Version 12.00
# Visual Studio Version 17
VisualStudioVersion = 17.5.2.0
MinimumVisualStudioVersion = 10.0.40219.1
Project("{FAE04EC0-301F-11D3-BF4B-00C04F79EFBC}") = "ClassLibraries.Lib", "ClassLibraries.Lib.csproj", "{F379B1AC-3EDE-B5C2-16B6-4960DD32A812}"
EndProject
Global
	GlobalSection(SolutionConfigurationPlatforms) = preSolution
		Debug|Any CPU = Debug|Any CPU
		Release|Any CPU = Release|Any CPU
	EndGlobalSection
	GlobalSection(ProjectConfigurationPlatforms) = postSolution
		{F379B1AC-3EDE-B5C2-16B6-4960DD32A812}.Debug|Any CPU.ActiveCfg = Debug|Any CPU
		{F379B1AC-3EDE-B5C2-16B6-4960DD32A812}.Debug|Any CPU.Build.0 = Debug|Any CPU
		{F379B1AC-3EDE-B5C2-16B6-4960DD32A812}.Release|Any CPU.ActiveCfg = Release|Any CPU
		{F379B1AC-3EDE-B5C2-16B6-4960DD32A812}.Release|Any CPU.Build.0 = Release|Any CPU
	EndGlobalSection
	GlobalSection(SolutionProperties) = preSolution
		HideSolutionNode = FALSE
	EndGlobalSection
	GlobalSection(ExtensibilityGlobals) = postSolution
		SolutionGuid = {E8C3F2AC-0E04-4E4B-A3D5-B2DEA814BF7A}
	EndGlobalSection
EndGlobal
